
Microsoft Visual Studio Solution File, Format Version 12.00
# Visual Studio 2013
VisualStudioVersion = 12.0.21005.1
MinimumVisualStudioVersion = 10.0.40219.1
Project("{FAE04EC0-301F-11D3-BF4B-00C04F79EFBC}") = "MeuIntParse", "MeuIntParse\MeuIntParse.csproj", "{C0A65C70-1DFA-46AD-9360-08A59A8E587B}"
EndProject
Global
	GlobalSection(SolutionConfigurationPlatforms) = preSolution
		Debug|Any CPU = Debug|Any CPU
		Release|Any CPU = Release|Any CPU
	EndGlobalSection
	GlobalSection(ProjectConfigurationPlatforms) = postSolution
		{C0A65C70-1DFA-46AD-9360-08A59A8E587B}.Debug|Any CPU.ActiveCfg = Debug|Any CPU
		{C0A65C70-1DFA-46AD-9360-08A59A8E587B}.Debug|Any CPU.Build.0 = Debug|Any CPU
		{C0A65C70-1DFA-46AD-9360-08A59A8E587B}.Release|Any CPU.ActiveCfg = Release|Any CPU
		{C0A65C70-1DFA-46AD-9360-08A59A8E587B}.Release|Any CPU.Build.0 = Release|Any CPU
	EndGlobalSection
	GlobalSection(SolutionProperties) = preSolution
		HideSolutionNode = FALSE
	EndGlobalSection
EndGlobal
